
Microsoft Visual Studio Solution File, Format Version 12.00
# Visual Studio Version 17
VisualStudioVersion = 17.3.32929.385
MinimumVisualStudioVersion = 10.0.40219.1
Project("{FAE04EC0-301F-11D3-BF4B-00C04F79EFBC}") = "HealthyKitchen", "HealthyKitchen\HealthyKitchen.csproj", "{30C9F381-CC27-436B-AE60-FABA6008D691}"
EndProject
Global
	GlobalSection(SolutionConfigurationPlatforms) = preSolution
		Debug|Any CPU = Debug|Any CPU
		Release|Any CPU = Release|Any CPU
	EndGlobalSection
	GlobalSection(ProjectConfigurationPlatforms) = postSolution
		{30C9F381-CC27-436B-AE60-FABA6008D691}.Debug|Any CPU.ActiveCfg = Debug|Any CPU
		{30C9F381-CC27-436B-AE60-FABA6008D691}.Debug|Any CPU.Build.0 = Debug|Any CPU
		{30C9F381-CC27-436B-AE60-FABA6008D691}.Release|Any CPU.ActiveCfg = Release|Any CPU
		{30C9F381-CC27-436B-AE60-FABA6008D691}.Release|Any CPU.Build.0 = Release|Any CPU
	EndGlobalSection
	GlobalSection(SolutionProperties) = preSolution
		HideSolutionNode = FALSE
	EndGlobalSection
	GlobalSection(ExtensibilityGlobals) = postSolution
		SolutionGuid = {D95F93B5-5187-46E2-AFE3-6ADFFB427727}
	EndGlobalSection
EndGlobal
